// !$*UTF8*$!
{
	archiveVersion = 1;
	classes = {
	};
	objectVersion = 55;
	objects = {

/* Begin PBXBuildFile section */
		B332EC2C28C14FB500019B06 /* AppDelegate.swift in Sources */ = {isa = PBXBuildFile; fileRef = B332EC2B28C14FB500019B06 /* AppDelegate.swift */; };
		B332EC3028C14FB500019B06 /* MainViewController.swift in Sources */ = {isa = PBXBuildFile; fileRef = B332EC2F28C14FB500019B06 /* MainViewController.swift */; };
		B332EC3628C14FB500019B06 /* YoutubePlaylistsApp_iOS.xcdatamodeld in Sources */ = {isa = PBXBuildFile; fileRef = B332EC3428C14FB500019B06 /* YoutubePlaylistsApp_iOS.xcdatamodeld */; };
		B332EC3828C14FB700019B06 /* Assets.xcassets in Resources */ = {isa = PBXBuildFile; fileRef = B332EC3728C14FB700019B06 /* Assets.xcassets */; };
		B332EC3B28C14FB700019B06 /* LaunchScreen.storyboard in Resources */ = {isa = PBXBuildFile; fileRef = B332EC3928C14FB700019B06 /* LaunchScreen.storyboard */; };
		B332EC4628C14FB700019B06 /* YoutubePlaylistsApp_iOSTests.swift in Sources */ = {isa = PBXBuildFile; fileRef = B332EC4528C14FB700019B06 /* YoutubePlaylistsApp_iOSTests.swift */; };
		B332EC5028C14FB700019B06 /* YoutubePlaylistsApp_iOSUITests.swift in Sources */ = {isa = PBXBuildFile; fileRef = B332EC4F28C14FB700019B06 /* YoutubePlaylistsApp_iOSUITests.swift */; };
		B332EC5228C14FB700019B06 /* YoutubePlaylistsApp_iOSUITestsLaunchTests.swift in Sources */ = {isa = PBXBuildFile; fileRef = B332EC5128C14FB700019B06 /* YoutubePlaylistsApp_iOSUITestsLaunchTests.swift */; };
		B38443D328C2BD0B00536CBB /* playlists.json in Resources */ = {isa = PBXBuildFile; fileRef = B38443D228C2BD0B00536CBB /* playlists.json */; };
		B38443D628C2BD3F00536CBB /* Playlist.swift in Sources */ = {isa = PBXBuildFile; fileRef = B38443D528C2BD3F00536CBB /* Playlist.swift */; };
		B38443D828C2BDA300536CBB /* Video.swift in Sources */ = {isa = PBXBuildFile; fileRef = B38443D728C2BDA300536CBB /* Video.swift */; };
		B38443DA28C2BDFB00536CBB /* PlaylistCategory.swift in Sources */ = {isa = PBXBuildFile; fileRef = B38443D928C2BDFB00536CBB /* PlaylistCategory.swift */; };
		B38443DC28C2BE9D00536CBB /* ModelsController.swift in Sources */ = {isa = PBXBuildFile; fileRef = B38443DB28C2BE9D00536CBB /* ModelsController.swift */; };
		B38443DE28C2C2F600536CBB /* ModelsRepository.swift in Sources */ = {isa = PBXBuildFile; fileRef = B38443DD28C2C2F600536CBB /* ModelsRepository.swift */; };
/* End PBXBuildFile section */

/* Begin PBXContainerItemProxy section */
		B332EC4228C14FB700019B06 /* PBXContainerItemProxy */ = {
			isa = PBXContainerItemProxy;
			containerPortal = B332EC2028C14FB500019B06 /* Project object */;
			proxyType = 1;
			remoteGlobalIDString = B332EC2728C14FB500019B06;
			remoteInfo = "YoutubePlaylistsApp-iOS";
		};
		B332EC4C28C14FB700019B06 /* PBXContainerItemProxy */ = {
			isa = PBXContainerItemProxy;
			containerPortal = B332EC2028C14FB500019B06 /* Project object */;
			proxyType = 1;
			remoteGlobalIDString = B332EC2728C14FB500019B06;
			remoteInfo = "YoutubePlaylistsApp-iOS";
		};
/* End PBXContainerItemProxy section */

/* Begin PBXFileReference section */
		B332EC2828C14FB500019B06 /* YoutubePlaylistsApp-iOS.app */ = {isa = PBXFileReference; explicitFileType = wrapper.application; includeInIndex = 0; path = "YoutubePlaylistsApp-iOS.app"; sourceTree = BUILT_PRODUCTS_DIR; };
		B332EC2B28C14FB500019B06 /* AppDelegate.swift */ = {isa = PBXFileReference; lastKnownFileType = sourcecode.swift; path = AppDelegate.swift; sourceTree = "<group>"; };
		B332EC2F28C14FB500019B06 /* MainViewController.swift */ = {isa = PBXFileReference; lastKnownFileType = sourcecode.swift; path = MainViewController.swift; sourceTree = "<group>"; };
		B332EC3528C14FB500019B06 /* YoutubePlaylistsApp_iOS.xcdatamodel */ = {isa = PBXFileReference; lastKnownFileType = wrapper.xcdatamodel; path = YoutubePlaylistsApp_iOS.xcdatamodel; sourceTree = "<group>"; };
		B332EC3728C14FB700019B06 /* Assets.xcassets */ = {isa = PBXFileReference; lastKnownFileType = folder.assetcatalog; path = Assets.xcassets; sourceTree = "<group>"; };
		B332EC3A28C14FB700019B06 /* Base */ = {isa = PBXFileReference; lastKnownFileType = file.storyboard; name = Base; path = Base.lproj/LaunchScreen.storyboard; sourceTree = "<group>"; };
		B332EC3C28C14FB700019B06 /* Info.plist */ = {isa = PBXFileReference; lastKnownFileType = text.plist.xml; path = Info.plist; sourceTree = "<group>"; };
		B332EC4128C14FB700019B06 /* YoutubePlaylistsApp-iOSTests.xctest */ = {isa = PBXFileReference; explicitFileType = wrapper.cfbundle; includeInIndex = 0; path = "YoutubePlaylistsApp-iOSTests.xctest"; sourceTree = BUILT_PRODUCTS_DIR; };
		B332EC4528C14FB700019B06 /* YoutubePlaylistsApp_iOSTests.swift */ = {isa = PBXFileReference; lastKnownFileType = sourcecode.swift; path = YoutubePlaylistsApp_iOSTests.swift; sourceTree = "<group>"; };
		B332EC4B28C14FB700019B06 /* YoutubePlaylistsApp-iOSUITests.xctest */ = {isa = PBXFileReference; explicitFileType = wrapper.cfbundle; includeInIndex = 0; path = "YoutubePlaylistsApp-iOSUITests.xctest"; sourceTree = BUILT_PRODUCTS_DIR; };
		B332EC4F28C14FB700019B06 /* YoutubePlaylistsApp_iOSUITests.swift */ = {isa = PBXFileReference; lastKnownFileType = sourcecode.swift; path = YoutubePlaylistsApp_iOSUITests.swift; sourceTree = "<group>"; };
		B332EC5128C14FB700019B06 /* YoutubePlaylistsApp_iOSUITestsLaunchTests.swift */ = {isa = PBXFileReference; lastKnownFileType = sourcecode.swift; path = YoutubePlaylistsApp_iOSUITestsLaunchTests.swift; sourceTree = "<group>"; };
		B38443D228C2BD0B00536CBB /* playlists.json */ = {isa = PBXFileReference; lastKnownFileType = text.json; path = playlists.json; sourceTree = "<group>"; };
		B38443D528C2BD3F00536CBB /* Playlist.swift */ = {isa = PBXFileReference; lastKnownFileType = sourcecode.swift; path = Playlist.swift; sourceTree = "<group>"; };
		B38443D728C2BDA300536CBB /* Video.swift */ = {isa = PBXFileReference; lastKnownFileType = sourcecode.swift; path = Video.swift; sourceTree = "<group>"; };
		B38443D928C2BDFB00536CBB /* PlaylistCategory.swift */ = {isa = PBXFileReference; lastKnownFileType = sourcecode.swift; path = PlaylistCategory.swift; sourceTree = "<group>"; };
		B38443DB28C2BE9D00536CBB /* ModelsController.swift */ = {isa = PBXFileReference; lastKnownFileType = sourcecode.swift; path = ModelsController.swift; sourceTree = "<group>"; };
		B38443DD28C2C2F600536CBB /* ModelsRepository.swift */ = {isa = PBXFileReference; lastKnownFileType = sourcecode.swift; path = ModelsRepository.swift; sourceTree = "<group>"; };
/* End PBXFileReference section */

/* Begin PBXFrameworksBuildPhase section */
		B332EC2528C14FB500019B06 /* Frameworks */ = {
			isa = PBXFrameworksBuildPhase;
			buildActionMask = 2147483647;
			files = (
			);
			runOnlyForDeploymentPostprocessing = 0;
		};
		B332EC3E28C14FB700019B06 /* Frameworks */ = {
			isa = PBXFrameworksBuildPhase;
			buildActionMask = 2147483647;
			files = (
			);
			runOnlyForDeploymentPostprocessing = 0;
		};
		B332EC4828C14FB700019B06 /* Frameworks */ = {
			isa = PBXFrameworksBuildPhase;
			buildActionMask = 2147483647;
			files = (
			);
			runOnlyForDeploymentPostprocessing = 0;
		};
/* End PBXFrameworksBuildPhase section */

/* Begin PBXGroup section */
		B332EC1F28C14FB500019B06 = {
			isa = PBXGroup;
			children = (
				B332EC2A28C14FB500019B06 /* YoutubePlaylistsApp-iOS */,
				B332EC4428C14FB700019B06 /* YoutubePlaylistsApp-iOSTests */,
				B332EC4E28C14FB700019B06 /* YoutubePlaylistsApp-iOSUITests */,
				B332EC2928C14FB500019B06 /* Products */,
			);
			sourceTree = "<group>";
		};
		B332EC2928C14FB500019B06 /* Products */ = {
			isa = PBXGroup;
			children = (
				B332EC2828C14FB500019B06 /* YoutubePlaylistsApp-iOS.app */,
				B332EC4128C14FB700019B06 /* YoutubePlaylistsApp-iOSTests.xctest */,
				B332EC4B28C14FB700019B06 /* YoutubePlaylistsApp-iOSUITests.xctest */,
			);
			name = Products;
			sourceTree = "<group>";
		};
		B332EC2A28C14FB500019B06 /* YoutubePlaylistsApp-iOS */ = {
			isa = PBXGroup;
			children = (
				B38443D428C2BD1E00536CBB /* Models */,
				B332EC2B28C14FB500019B06 /* AppDelegate.swift */,
				B332EC2F28C14FB500019B06 /* MainViewController.swift */,
				B332EC3728C14FB700019B06 /* Assets.xcassets */,
				B332EC3928C14FB700019B06 /* LaunchScreen.storyboard */,
				B332EC3C28C14FB700019B06 /* Info.plist */,
				B332EC3428C14FB500019B06 /* YoutubePlaylistsApp_iOS.xcdatamodeld */,
			);
			path = "YoutubePlaylistsApp-iOS";
			sourceTree = "<group>";
		};
		B332EC4428C14FB700019B06 /* YoutubePlaylistsApp-iOSTests */ = {
			isa = PBXGroup;
			children = (
				B332EC4528C14FB700019B06 /* YoutubePlaylistsApp_iOSTests.swift */,
			);
			path = "YoutubePlaylistsApp-iOSTests";
			sourceTree = "<group>";
		};
		B332EC4E28C14FB700019B06 /* YoutubePlaylistsApp-iOSUITests */ = {
			isa = PBXGroup;
			children = (
				B332EC4F28C14FB700019B06 /* YoutubePlaylistsApp_iOSUITests.swift */,
				B332EC5128C14FB700019B06 /* YoutubePlaylistsApp_iOSUITestsLaunchTests.swift */,
			);
			path = "YoutubePlaylistsApp-iOSUITests";
			sourceTree = "<group>";
		};
		B38443D428C2BD1E00536CBB /* Models */ = {
			isa = PBXGroup;
			children = (
				B38443D528C2BD3F00536CBB /* Playlist.swift */,
				B38443D928C2BDFB00536CBB /* PlaylistCategory.swift */,
				B38443D228C2BD0B00536CBB /* playlists.json */,
				B38443D728C2BDA300536CBB /* Video.swift */,
				B38443DB28C2BE9D00536CBB /* ModelsController.swift */,
				B38443DD28C2C2F600536CBB /* ModelsRepository.swift */,
			);
			path = Models;
			sourceTree = "<group>";
		};
/* End PBXGroup section */

/* Begin PBXNativeTarget section */
		B332EC2728C14FB500019B06 /* YoutubePlaylistsApp-iOS */ = {
			isa = PBXNativeTarget;
			buildConfigurationList = B332EC5528C14FB700019B06 /* Build configuration list for PBXNativeTarget "YoutubePlaylistsApp-iOS" */;
			buildPhases = (
				B332EC2428C14FB500019B06 /* Sources */,
				B332EC2528C14FB500019B06 /* Frameworks */,
				B332EC2628C14FB500019B06 /* Resources */,
			);
			buildRules = (
			);
			dependencies = (
			);
			name = "YoutubePlaylistsApp-iOS";
			productName = "YoutubePlaylistsApp-iOS";
			productReference = B332EC2828C14FB500019B06 /* YoutubePlaylistsApp-iOS.app */;
			productType = "com.apple.product-type.application";
		};
		B332EC4028C14FB700019B06 /* YoutubePlaylistsApp-iOSTests */ = {
			isa = PBXNativeTarget;
			buildConfigurationList = B332EC5828C14FB700019B06 /* Build configuration list for PBXNativeTarget "YoutubePlaylistsApp-iOSTests" */;
			buildPhases = (
				B332EC3D28C14FB700019B06 /* Sources */,
				B332EC3E28C14FB700019B06 /* Frameworks */,
				B332EC3F28C14FB700019B06 /* Resources */,
			);
			buildRules = (
			);
			dependencies = (
				B332EC4328C14FB700019B06 /* PBXTargetDependency */,
			);
			name = "YoutubePlaylistsApp-iOSTests";
			productName = "YoutubePlaylistsApp-iOSTests";
			productReference = B332EC4128C14FB700019B06 /* YoutubePlaylistsApp-iOSTests.xctest */;
			productType = "com.apple.product-type.bundle.unit-test";
		};
		B332EC4A28C14FB700019B06 /* YoutubePlaylistsApp-iOSUITests */ = {
			isa = PBXNativeTarget;
			buildConfigurationList = B332EC5B28C14FB700019B06 /* Build configuration list for PBXNativeTarget "YoutubePlaylistsApp-iOSUITests" */;
			buildPhases = (
				B332EC4728C14FB700019B06 /* Sources */,
				B332EC4828C14FB700019B06 /* Frameworks */,
				B332EC4928C14FB700019B06 /* Resources */,
			);
			buildRules = (
			);
			dependencies = (
				B332EC4D28C14FB700019B06 /* PBXTargetDependency */,
			);
			name = "YoutubePlaylistsApp-iOSUITests";
			productName = "YoutubePlaylistsApp-iOSUITests";
			productReference = B332EC4B28C14FB700019B06 /* YoutubePlaylistsApp-iOSUITests.xctest */;
			productType = "com.apple.product-type.bundle.ui-testing";
		};
/* End PBXNativeTarget section */

/* Begin PBXProject section */
		B332EC2028C14FB500019B06 /* Project object */ = {
			isa = PBXProject;
			attributes = {
				BuildIndependentTargetsInParallel = 1;
				LastSwiftUpdateCheck = 1340;
				LastUpgradeCheck = 1340;
				TargetAttributes = {
					B332EC2728C14FB500019B06 = {
						CreatedOnToolsVersion = 13.4.1;
					};
					B332EC4028C14FB700019B06 = {
						CreatedOnToolsVersion = 13.4.1;
						TestTargetID = B332EC2728C14FB500019B06;
					};
					B332EC4A28C14FB700019B06 = {
						CreatedOnToolsVersion = 13.4.1;
						TestTargetID = B332EC2728C14FB500019B06;
					};
				};
			};
			buildConfigurationList = B332EC2328C14FB500019B06 /* Build configuration list for PBXProject "YoutubePlaylistsApp-iOS" */;
			compatibilityVersion = "Xcode 13.0";
			developmentRegion = en;
			hasScannedForEncodings = 0;
			knownRegions = (
				en,
				Base,
			);
			mainGroup = B332EC1F28C14FB500019B06;
			productRefGroup = B332EC2928C14FB500019B06 /* Products */;
			projectDirPath = "";
			projectRoot = "";
			targets = (
				B332EC2728C14FB500019B06 /* YoutubePlaylistsApp-iOS */,
				B332EC4028C14FB700019B06 /* YoutubePlaylistsApp-iOSTests */,
				B332EC4A28C14FB700019B06 /* YoutubePlaylistsApp-iOSUITests */,
			);
		};
/* End PBXProject section */

/* Begin PBXResourcesBuildPhase section */
		B332EC2628C14FB500019B06 /* Resources */ = {
			isa = PBXResourcesBuildPhase;
			buildActionMask = 2147483647;
			files = (
				B332EC3B28C14FB700019B06 /* LaunchScreen.storyboard in Resources */,
				B332EC3828C14FB700019B06 /* Assets.xcassets in Resources */,
				B38443D328C2BD0B00536CBB /* playlists.json in Resources */,
			);
			runOnlyForDeploymentPostprocessing = 0;
		};
		B332EC3F28C14FB700019B06 /* Resources */ = {
			isa = PBXResourcesBuildPhase;
			buildActionMask = 2147483647;
			files = (
			);
			runOnlyForDeploymentPostprocessing = 0;
		};
		B332EC4928C14FB700019B06 /* Resources */ = {
			isa = PBXResourcesBuildPhase;
			buildActionMask = 2147483647;
			files = (
			);
			runOnlyForDeploymentPostprocessing = 0;
		};
/* End PBXResourcesBuildPhase section */

/* Begin PBXSourcesBuildPhase section */
		B332EC2428C14FB500019B06 /* Sources */ = {
			isa = PBXSourcesBuildPhase;
			buildActionMask = 2147483647;
			files = (
				B332EC3028C14FB500019B06 /* MainViewController.swift in Sources */,
				B38443DA28C2BDFB00536CBB /* PlaylistCategory.swift in Sources */,
				B332EC3628C14FB500019B06 /* YoutubePlaylistsApp_iOS.xcdatamodeld in Sources */,
				B332EC2C28C14FB500019B06 /* AppDelegate.swift in Sources */,
				B38443D628C2BD3F00536CBB /* Playlist.swift in Sources */,
				B38443DE28C2C2F600536CBB /* ModelsRepository.swift in Sources */,
				B38443DC28C2BE9D00536CBB /* ModelsController.swift in Sources */,
				B38443D828C2BDA300536CBB /* Video.swift in Sources */,
			);
			runOnlyForDeploymentPostprocessing = 0;
		};
		B332EC3D28C14FB700019B06 /* Sources */ = {
			isa = PBXSourcesBuildPhase;
			buildActionMask = 2147483647;
			files = (
				B332EC4628C14FB700019B06 /* YoutubePlaylistsApp_iOSTests.swift in Sources */,
			);
			runOnlyForDeploymentPostprocessing = 0;
		};
		B332EC4728C14FB700019B06 /* Sources */ = {
			isa = PBXSourcesBuildPhase;
			buildActionMask = 2147483647;
			files = (
				B332EC5228C14FB700019B06 /* YoutubePlaylistsApp_iOSUITestsLaunchTests.swift in Sources */,
				B332EC5028C14FB700019B06 /* YoutubePlaylistsApp_iOSUITests.swift in Sources */,
			);
			runOnlyForDeploymentPostprocessing = 0;
		};
/* End PBXSourcesBuildPhase section */

/* Begin PBXTargetDependency section */
		B332EC4328C14FB700019B06 /* PBXTargetDependency */ = {
			isa = PBXTargetDependency;
			target = B332EC2728C14FB500019B06 /* YoutubePlaylistsApp-iOS */;
			targetProxy = B332EC4228C14FB700019B06 /* PBXContainerItemProxy */;
		};
		B332EC4D28C14FB700019B06 /* PBXTargetDependency */ = {
			isa = PBXTargetDependency;
			target = B332EC2728C14FB500019B06 /* YoutubePlaylistsApp-iOS */;
			targetProxy = B332EC4C28C14FB700019B06 /* PBXContainerItemProxy */;
		};
/* End PBXTargetDependency section */

/* Begin PBXVariantGroup section */
		B332EC3928C14FB700019B06 /* LaunchScreen.storyboard */ = {
			isa = PBXVariantGroup;
			children = (
				B332EC3A28C14FB700019B06 /* Base */,
			);
			name = LaunchScreen.storyboard;
			sourceTree = "<group>";
		};
/* End PBXVariantGroup section */

/* Begin XCBuildConfiguration section */
		B332EC5328C14FB700019B06 /* Debug */ = {
			isa = XCBuildConfiguration;
			buildSettings = {
				ALWAYS_SEARCH_USER_PATHS = NO;
				CLANG_ANALYZER_NONNULL = YES;
				CLANG_ANALYZER_NUMBER_OBJECT_CONVERSION = YES_AGGRESSIVE;
				CLANG_CXX_LANGUAGE_STANDARD = "gnu++17";
				CLANG_ENABLE_MODULES = YES;
				CLANG_ENABLE_OBJC_ARC = YES;
				CLANG_ENABLE_OBJC_WEAK = YES;
				CLANG_WARN_BLOCK_CAPTURE_AUTORELEASING = YES;
				CLANG_WARN_BOOL_CONVERSION = YES;
				CLANG_WARN_COMMA = YES;
				CLANG_WARN_CONSTANT_CONVERSION = YES;
				CLANG_WARN_DEPRECATED_OBJC_IMPLEMENTATIONS = YES;
				CLANG_WARN_DIRECT_OBJC_ISA_USAGE = YES_ERROR;
				CLANG_WARN_DOCUMENTATION_COMMENTS = YES;
				CLANG_WARN_EMPTY_BODY = YES;
				CLANG_WARN_ENUM_CONVERSION = YES;
				CLANG_WARN_INFINITE_RECURSION = YES;
				CLANG_WARN_INT_CONVERSION = YES;
				CLANG_WARN_NON_LITERAL_NULL_CONVERSION = YES;
				CLANG_WARN_OBJC_IMPLICIT_RETAIN_SELF = YES;
				CLANG_WARN_OBJC_LITERAL_CONVERSION = YES;
				CLANG_WARN_OBJC_ROOT_CLASS = YES_ERROR;
				CLANG_WARN_QUOTED_INCLUDE_IN_FRAMEWORK_HEADER = YES;
				CLANG_WARN_RANGE_LOOP_ANALYSIS = YES;
				CLANG_WARN_STRICT_PROTOTYPES = YES;
				CLANG_WARN_SUSPICIOUS_MOVE = YES;
				CLANG_WARN_UNGUARDED_AVAILABILITY = YES_AGGRESSIVE;
				CLANG_WARN_UNREACHABLE_CODE = YES;
				CLANG_WARN__DUPLICATE_METHOD_MATCH = YES;
				COPY_PHASE_STRIP = NO;
				DEBUG_INFORMATION_FORMAT = dwarf;
				ENABLE_STRICT_OBJC_MSGSEND = YES;
				ENABLE_TESTABILITY = YES;
				GCC_C_LANGUAGE_STANDARD = gnu11;
				GCC_DYNAMIC_NO_PIC = NO;
				GCC_NO_COMMON_BLOCKS = YES;
				GCC_OPTIMIZATION_LEVEL = 0;
				GCC_PREPROCESSOR_DEFINITIONS = (
					"DEBUG=1",
					"$(inherited)",
				);
				GCC_WARN_64_TO_32_BIT_CONVERSION = YES;
				GCC_WARN_ABOUT_RETURN_TYPE = YES_ERROR;
				GCC_WARN_UNDECLARED_SELECTOR = YES;
				GCC_WARN_UNINITIALIZED_AUTOS = YES_AGGRESSIVE;
				GCC_WARN_UNUSED_FUNCTION = YES;
				GCC_WARN_UNUSED_VARIABLE = YES;
				IPHONEOS_DEPLOYMENT_TARGET = 15.5;
				MTL_ENABLE_DEBUG_INFO = INCLUDE_SOURCE;
				MTL_FAST_MATH = YES;
				ONLY_ACTIVE_ARCH = YES;
				SDKROOT = iphoneos;
				SWIFT_ACTIVE_COMPILATION_CONDITIONS = DEBUG;
				SWIFT_OPTIMIZATION_LEVEL = "-Onone";
			};
			name = Debug;
		};
		B332EC5428C14FB700019B06 /* Release */ = {
			isa = XCBuildConfiguration;
			buildSettings = {
				ALWAYS_SEARCH_USER_PATHS = NO;
				CLANG_ANALYZER_NONNULL = YES;
				CLANG_ANALYZER_NUMBER_OBJECT_CONVERSION = YES_AGGRESSIVE;
				CLANG_CXX_LANGUAGE_STANDARD = "gnu++17";
				CLANG_ENABLE_MODULES = YES;
				CLANG_ENABLE_OBJC_ARC = YES;
				CLANG_ENABLE_OBJC_WEAK = YES;
				CLANG_WARN_BLOCK_CAPTURE_AUTORELEASING = YES;
				CLANG_WARN_BOOL_CONVERSION = YES;
				CLANG_WARN_COMMA = YES;
				CLANG_WARN_CONSTANT_CONVERSION = YES;
				CLANG_WARN_DEPRECATED_OBJC_IMPLEMENTATIONS = YES;
				CLANG_WARN_DIRECT_OBJC_ISA_USAGE = YES_ERROR;
				CLANG_WARN_DOCUMENTATION_COMMENTS = YES;
				CLANG_WARN_EMPTY_BODY = YES;
				CLANG_WARN_ENUM_CONVERSION = YES;
				CLANG_WARN_INFINITE_RECURSION = YES;
				CLANG_WARN_INT_CONVERSION = YES;
				CLANG_WARN_NON_LITERAL_NULL_CONVERSION = YES;
				CLANG_WARN_OBJC_IMPLICIT_RETAIN_SELF = YES;
				CLANG_WARN_OBJC_LITERAL_CONVERSION = YES;
				CLANG_WARN_OBJC_ROOT_CLASS = YES_ERROR;
				CLANG_WARN_QUOTED_INCLUDE_IN_FRAMEWORK_HEADER = YES;
				CLANG_WARN_RANGE_LOOP_ANALYSIS = YES;
				CLANG_WARN_STRICT_PROTOTYPES = YES;
				CLANG_WARN_SUSPICIOUS_MOVE = YES;
				CLANG_WARN_UNGUARDED_AVAILABILITY = YES_AGGRESSIVE;
				CLANG_WARN_UNREACHABLE_CODE = YES;
				CLANG_WARN__DUPLICATE_METHOD_MATCH = YES;
				COPY_PHASE_STRIP = NO;
				DEBUG_INFORMATION_FORMAT = "dwarf-with-dsym";
				ENABLE_NS_ASSERTIONS = NO;
				ENABLE_STRICT_OBJC_MSGSEND = YES;
				GCC_C_LANGUAGE_STANDARD = gnu11;
				GCC_NO_COMMON_BLOCKS = YES;
				GCC_WARN_64_TO_32_BIT_CONVERSION = YES;
				GCC_WARN_ABOUT_RETURN_TYPE = YES_ERROR;
				GCC_WARN_UNDECLARED_SELECTOR = YES;
				GCC_WARN_UNINITIALIZED_AUTOS = YES_AGGRESSIVE;
				GCC_WARN_UNUSED_FUNCTION = YES;
				GCC_WARN_UNUSED_VARIABLE = YES;
				IPHONEOS_DEPLOYMENT_TARGET = 15.5;
				MTL_ENABLE_DEBUG_INFO = NO;
				MTL_FAST_MATH = YES;
				SDKROOT = iphoneos;
				SWIFT_COMPILATION_MODE = wholemodule;
				SWIFT_OPTIMIZATION_LEVEL = "-O";
				VALIDATE_PRODUCT = YES;
			};
			name = Release;
		};
		B332EC5628C14FB700019B06 /* Debug */ = {
			isa = XCBuildConfiguration;
			buildSettings = {
				ASSETCATALOG_COMPILER_APPICON_NAME = AppIcon;
				ASSETCATALOG_COMPILER_GLOBAL_ACCENT_COLOR_NAME = AccentColor;
				CODE_SIGN_STYLE = Automatic;
				CURRENT_PROJECT_VERSION = 1;
				GENERATE_INFOPLIST_FILE = YES;
				INFOPLIST_FILE = "YoutubePlaylistsApp-iOS/Info.plist";
				INFOPLIST_KEY_UIApplicationSupportsIndirectInputEvents = YES;
				INFOPLIST_KEY_UILaunchStoryboardName = LaunchScreen;
				INFOPLIST_KEY_UISupportedInterfaceOrientations_iPad = "UIInterfaceOrientationPortrait UIInterfaceOrientationPortraitUpsideDown UIInterfaceOrientationLandscapeLeft UIInterfaceOrientationLandscapeRight";
				INFOPLIST_KEY_UISupportedInterfaceOrientations_iPhone = "UIInterfaceOrientationPortrait UIInterfaceOrientationLandscapeLeft UIInterfaceOrientationLandscapeRight";
				LD_RUNPATH_SEARCH_PATHS = (
					"$(inherited)",
					"@executable_path/Frameworks",
				);
				MARKETING_VERSION = 1.0;
				PRODUCT_BUNDLE_IDENTIFIER = "io.mobiledeveloper.YoutubePlaylistsApp-iOS";
				PRODUCT_NAME = "$(TARGET_NAME)";
				SWIFT_EMIT_LOC_STRINGS = YES;
				SWIFT_VERSION = 5.0;
				TARGETED_DEVICE_FAMILY = "1,2";
			};
			name = Debug;
		};
		B332EC5728C14FB700019B06 /* Release */ = {
			isa = XCBuildConfiguration;
			buildSettings = {
				ASSETCATALOG_COMPILER_APPICON_NAME = AppIcon;
				ASSETCATALOG_COMPILER_GLOBAL_ACCENT_COLOR_NAME = AccentColor;
				CODE_SIGN_STYLE = Automatic;
				CURRENT_PROJECT_VERSION = 1;
				GENERATE_INFOPLIST_FILE = YES;
				INFOPLIST_FILE = "YoutubePlaylistsApp-iOS/Info.plist";
				INFOPLIST_KEY_UIApplicationSupportsIndirectInputEvents = YES;
				INFOPLIST_KEY_UILaunchStoryboardName = LaunchScreen;
				INFOPLIST_KEY_UISupportedInterfaceOrientations_iPad = "UIInterfaceOrientationPortrait UIInterfaceOrientationPortraitUpsideDown UIInterfaceOrientationLandscapeLeft UIInterfaceOrientationLandscapeRight";
				INFOPLIST_KEY_UISupportedInterfaceOrientations_iPhone = "UIInterfaceOrientationPortrait UIInterfaceOrientationLandscapeLeft UIInterfaceOrientationLandscapeRight";
				LD_RUNPATH_SEARCH_PATHS = (
					"$(inherited)",
					"@executable_path/Frameworks",
				);
				MARKETING_VERSION = 1.0;
				PRODUCT_BUNDLE_IDENTIFIER = "io.mobiledeveloper.YoutubePlaylistsApp-iOS";
				PRODUCT_NAME = "$(TARGET_NAME)";
				SWIFT_EMIT_LOC_STRINGS = YES;
				SWIFT_VERSION = 5.0;
				TARGETED_DEVICE_FAMILY = "1,2";
			};
			name = Release;
		};
		B332EC5928C14FB700019B06 /* Debug */ = {
			isa = XCBuildConfiguration;
			buildSettings = {
				ALWAYS_EMBED_SWIFT_STANDARD_LIBRARIES = YES;
				BUNDLE_LOADER = "$(TEST_HOST)";
				CODE_SIGN_STYLE = Automatic;
				CURRENT_PROJECT_VERSION = 1;
				GENERATE_INFOPLIST_FILE = YES;
				IPHONEOS_DEPLOYMENT_TARGET = 15.5;
				MARKETING_VERSION = 1.0;
				PRODUCT_BUNDLE_IDENTIFIER = "io.mobiledeveloper.YoutubePlaylistsApp-iOSTests";
				PRODUCT_NAME = "$(TARGET_NAME)";
				SWIFT_EMIT_LOC_STRINGS = NO;
				SWIFT_VERSION = 5.0;
				TARGETED_DEVICE_FAMILY = "1,2";
				TEST_HOST = "$(BUILT_PRODUCTS_DIR)/YoutubePlaylistsApp-iOS.app/YoutubePlaylistsApp-iOS";
			};
			name = Debug;
		};
		B332EC5A28C14FB700019B06 /* Release */ = {
			isa = XCBuildConfiguration;
			buildSettings = {
				ALWAYS_EMBED_SWIFT_STANDARD_LIBRARIES = YES;
				BUNDLE_LOADER = "$(TEST_HOST)";
				CODE_SIGN_STYLE = Automatic;
				CURRENT_PROJECT_VERSION = 1;
				GENERATE_INFOPLIST_FILE = YES;
				IPHONEOS_DEPLOYMENT_TARGET = 15.5;
				MARKETING_VERSION = 1.0;
				PRODUCT_BUNDLE_IDENTIFIER = "io.mobiledeveloper.YoutubePlaylistsApp-iOSTests";
				PRODUCT_NAME = "$(TARGET_NAME)";
				SWIFT_EMIT_LOC_STRINGS = NO;
				SWIFT_VERSION = 5.0;
				TARGETED_DEVICE_FAMILY = "1,2";
				TEST_HOST = "$(BUILT_PRODUCTS_DIR)/YoutubePlaylistsApp-iOS.app/YoutubePlaylistsApp-iOS";
			};
			name = Release;
		};
		B332EC5C28C14FB700019B06 /* Debug */ = {
			isa = XCBuildConfiguration;
			buildSettings = {
				ALWAYS_EMBED_SWIFT_STANDARD_LIBRARIES = YES;
				CODE_SIGN_STYLE = Automatic;
				CURRENT_PROJECT_VERSION = 1;
				GENERATE_INFOPLIST_FILE = YES;
				MARKETING_VERSION = 1.0;
				PRODUCT_BUNDLE_IDENTIFIER = "io.mobiledeveloper.YoutubePlaylistsApp-iOSUITests";
				PRODUCT_NAME = "$(TARGET_NAME)";
				SWIFT_EMIT_LOC_STRINGS = NO;
				SWIFT_VERSION = 5.0;
				TARGETED_DEVICE_FAMILY = "1,2";
				TEST_TARGET_NAME = "YoutubePlaylistsApp-iOS";
			};
			name = Debug;
		};
		B332EC5D28C14FB700019B06 /* Release */ = {
			isa = XCBuildConfiguration;
			buildSettings = {
				ALWAYS_EMBED_SWIFT_STANDARD_LIBRARIES = YES;
				CODE_SIGN_STYLE = Automatic;
				CURRENT_PROJECT_VERSION = 1;
				GENERATE_INFOPLIST_FILE = YES;
				MARKETING_VERSION = 1.0;
				PRODUCT_BUNDLE_IDENTIFIER = "io.mobiledeveloper.YoutubePlaylistsApp-iOSUITests";
				PRODUCT_NAME = "$(TARGET_NAME)";
				SWIFT_EMIT_LOC_STRINGS = NO;
				SWIFT_VERSION = 5.0;
				TARGETED_DEVICE_FAMILY = "1,2";
				TEST_TARGET_NAME = "YoutubePlaylistsApp-iOS";
			};
			name = Release;
		};
/* End XCBuildConfiguration section */

/* Begin XCConfigurationList section */
		B332EC2328C14FB500019B06 /* Build configuration list for PBXProject "YoutubePlaylistsApp-iOS" */ = {
			isa = XCConfigurationList;
			buildConfigurations = (
				B332EC5328C14FB700019B06 /* Debug */,
				B332EC5428C14FB700019B06 /* Release */,
			);
			defaultConfigurationIsVisible = 0;
			defaultConfigurationName = Release;
		};
		B332EC5528C14FB700019B06 /* Build configuration list for PBXNativeTarget "YoutubePlaylistsApp-iOS" */ = {
			isa = XCConfigurationList;
			buildConfigurations = (
				B332EC5628C14FB700019B06 /* Debug */,
				B332EC5728C14FB700019B06 /* Release */,
			);
			defaultConfigurationIsVisible = 0;
			defaultConfigurationName = Release;
		};
		B332EC5828C14FB700019B06 /* Build configuration list for PBXNativeTarget "YoutubePlaylistsApp-iOSTests" */ = {
			isa = XCConfigurationList;
			buildConfigurations = (
				B332EC5928C14FB700019B06 /* Debug */,
				B332EC5A28C14FB700019B06 /* Release */,
			);
			defaultConfigurationIsVisible = 0;
			defaultConfigurationName = Release;
		};
		B332EC5B28C14FB700019B06 /* Build configuration list for PBXNativeTarget "YoutubePlaylistsApp-iOSUITests" */ = {
			isa = XCConfigurationList;
			buildConfigurations = (
				B332EC5C28C14FB700019B06 /* Debug */,
				B332EC5D28C14FB700019B06 /* Release */,
			);
			defaultConfigurationIsVisible = 0;
			defaultConfigurationName = Release;
		};
/* End XCConfigurationList section */

/* Begin XCVersionGroup section */
		B332EC3428C14FB500019B06 /* YoutubePlaylistsApp_iOS.xcdatamodeld */ = {
			isa = XCVersionGroup;
			children = (
				B332EC3528C14FB500019B06 /* YoutubePlaylistsApp_iOS.xcdatamodel */,
			);
			currentVersion = B332EC3528C14FB500019B06 /* YoutubePlaylistsApp_iOS.xcdatamodel */;
			path = YoutubePlaylistsApp_iOS.xcdatamodeld;
			sourceTree = "<group>";
			versionGroupType = wrapper.xcdatamodel;
		};
/* End XCVersionGroup section */
	};
	rootObject = B332EC2028C14FB500019B06 /* Project object */;
}
